// !$*UTF8*$!
{
	archiveVersion = 1;
	classes = {
	};
	objectVersion = 50;
	objects = {

/* Begin PBXBuildFile section */
		8FC25C54221143A900340DB5 /* AppDelegate.swift in Sources */ = {isa = PBXBuildFile; fileRef = 8FC25C53221143A900340DB5 /* AppDelegate.swift */; };
		8FC25C56221143A900340DB5 /* ViewController.swift in Sources */ = {isa = PBXBuildFile; fileRef = 8FC25C55221143A900340DB5 /* ViewController.swift */; };
		8FC25C59221143A900340DB5 /* Main.storyboard in Resources */ = {isa = PBXBuildFile; fileRef = 8FC25C57221143A900340DB5 /* Main.storyboard */; };
		8FC25C5C221143A900340DB5 /* PredictableRydePrototype.xcdatamodeld in Sources */ = {isa = PBXBuildFile; fileRef = 8FC25C5A221143A900340DB5 /* PredictableRydePrototype.xcdatamodeld */; };
		8FC25C5E221143B600340DB5 /* Assets.xcassets in Resources */ = {isa = PBXBuildFile; fileRef = 8FC25C5D221143B600340DB5 /* Assets.xcassets */; };
		8FC25C61221143B600340DB5 /* LaunchScreen.storyboard in Resources */ = {isa = PBXBuildFile; fileRef = 8FC25C5F221143B600340DB5 /* LaunchScreen.storyboard */; };
/* End PBXBuildFile section */

/* Begin PBXFileReference section */
		8FC25C50221143A900340DB5 /* PredictableRydePrototype.app */ = {isa = PBXFileReference; explicitFileType = wrapper.application; includeInIndex = 0; path = PredictableRydePrototype.app; sourceTree = BUILT_PRODUCTS_DIR; };
		8FC25C53221143A900340DB5 /* AppDelegate.swift */ = {isa = PBXFileReference; lastKnownFileType = sourcecode.swift; path = AppDelegate.swift; sourceTree = "<group>"; };
		8FC25C55221143A900340DB5 /* ViewController.swift */ = {isa = PBXFileReference; lastKnownFileType = sourcecode.swift; path = ViewController.swift; sourceTree = "<group>"; };
		8FC25C58221143A900340DB5 /* Base */ = {isa = PBXFileReference; lastKnownFileType = file.storyboard; name = Base; path = Base.lproj/Main.storyboard; sourceTree = "<group>"; };
		8FC25C5B221143A900340DB5 /* PredictableRydePrototype.xcdatamodel */ = {isa = PBXFileReference; lastKnownFileType = wrapper.xcdatamodel; path = PredictableRydePrototype.xcdatamodel; sourceTree = "<group>"; };
		8FC25C5D221143B600340DB5 /* Assets.xcassets */ = {isa = PBXFileReference; lastKnownFileType = folder.assetcatalog; path = Assets.xcassets; sourceTree = "<group>"; };
		8FC25C60221143B600340DB5 /* Base */ = {isa = PBXFileReference; lastKnownFileType = file.storyboard; name = Base; path = Base.lproj/LaunchScreen.storyboard; sourceTree = "<group>"; };
		8FC25C62221143B600340DB5 /* Info.plist */ = {isa = PBXFileReference; lastKnownFileType = text.plist.xml; path = Info.plist; sourceTree = "<group>"; };
/* End PBXFileReference section */

/* Begin PBXFrameworksBuildPhase section */
		8FC25C4D221143A800340DB5 /* Frameworks */ = {
			isa = PBXFrameworksBuildPhase;
			buildActionMask = 2147483647;
			files = (
			);
			runOnlyForDeploymentPostprocessing = 0;
		};
/* End PBXFrameworksBuildPhase section */

/* Begin PBXGroup section */
		8FC25C47221143A800340DB5 = {
			isa = PBXGroup;
			children = (
				8FC25C52221143A900340DB5 /* PredictableRydePrototype */,
				8FC25C51221143A900340DB5 /* Products */,
			);
			sourceTree = "<group>";
		};
		8FC25C51221143A900340DB5 /* Products */ = {
			isa = PBXGroup;
			children = (
				8FC25C50221143A900340DB5 /* PredictableRydePrototype.app */,
			);
			name = Products;
			sourceTree = "<group>";
		};
		8FC25C52221143A900340DB5 /* PredictableRydePrototype */ = {
			isa = PBXGroup;
			children = (
				8FC25C53221143A900340DB5 /* AppDelegate.swift */,
				8FC25C55221143A900340DB5 /* ViewController.swift */,
				8FC25C57221143A900340DB5 /* Main.storyboard */,
				8FC25C5D221143B600340DB5 /* Assets.xcassets */,
				8FC25C5F221143B600340DB5 /* LaunchScreen.storyboard */,
				8FC25C62221143B600340DB5 /* Info.plist */,
				8FC25C5A221143A900340DB5 /* PredictableRydePrototype.xcdatamodeld */,
			);
			path = PredictableRydePrototype;
			sourceTree = "<group>";
		};
/* End PBXGroup section */

/* Begin PBXNativeTarget section */
		8FC25C4F221143A800340DB5 /* PredictableRydePrototype */ = {
			isa = PBXNativeTarget;
			buildConfigurationList = 8FC25C65221143B600340DB5 /* Build configuration list for PBXNativeTarget "PredictableRydePrototype" */;
			buildPhases = (
				8FC25C4C221143A800340DB5 /* Sources */,
				8FC25C4D221143A800340DB5 /* Frameworks */,
				8FC25C4E221143A800340DB5 /* Resources */,
			);
			buildRules = (
			);
			dependencies = (
			);
			name = PredictableRydePrototype;
			productName = PredictableRydePrototype;
			productReference = 8FC25C50221143A900340DB5 /* PredictableRydePrototype.app */;
			productType = "com.apple.product-type.application";
		};
/* End PBXNativeTarget section */

/* Begin PBXProject section */
		8FC25C48221143A800340DB5 /* Project object */ = {
			isa = PBXProject;
			attributes = {
				LastSwiftUpdateCheck = 1010;
				LastUpgradeCheck = 1010;
				ORGANIZATIONNAME = "Prashant Rizal";
				TargetAttributes = {
					8FC25C4F221143A800340DB5 = {
						CreatedOnToolsVersion = 10.1;
					};
				};
			};
			buildConfigurationList = 8FC25C4B221143A800340DB5 /* Build configuration list for PBXProject "PredictableRydePrototype" */;
			compatibilityVersion = "Xcode 9.3";
			developmentRegion = en;
			hasScannedForEncodings = 0;
			knownRegions = (
				en,
				Base,
			);
			mainGroup = 8FC25C47221143A800340DB5;
			productRefGroup = 8FC25C51221143A900340DB5 /* Products */;
			projectDirPath = "";
			projectRoot = "";
			targets = (
				8FC25C4F221143A800340DB5 /* PredictableRydePrototype */,
			);
		};
/* End PBXProject section */

/* Begin PBXResourcesBuildPhase section */
		8FC25C4E221143A800340DB5 /* Resources */ = {
			isa = PBXResourcesBuildPhase;
			buildActionMask = 2147483647;
			files = (
				8FC25C61221143B600340DB5 /* LaunchScreen.storyboard in Resources */,
				8FC25C5E221143B600340DB5 /* Assets.xcassets in Resources */,
				8FC25C59221143A900340DB5 /* Main.storyboard in Resources */,
			);
			runOnlyForDeploymentPostprocessing = 0;
		};
/* End PBXResourcesBuildPhase section */

/* Begin PBXSourcesBuildPhase section */
		8FC25C4C221143A800340DB5 /* Sources */ = {
			isa = PBXSourcesBuildPhase;
			buildActionMask = 2147483647;
			files = (
				8FC25C5C221143A900340DB5 /* PredictableRydePrototype.xcdatamodeld in Sources */,
				8FC25C56221143A900340DB5 /* ViewController.swift in Sources */,
				8FC25C54221143A900340DB5 /* AppDelegate.swift in Sources */,
			);
			runOnlyForDeploymentPostprocessing = 0;
		};
/* End PBXSourcesBuildPhase section */

/* Begin PBXVariantGroup section */
		8FC25C57221143A900340DB5 /* Main.storyboard */ = {
			isa = PBXVariantGroup;
			children = (
				8FC25C58221143A900340DB5 /* Base */,
			);
			name = Main.storyboard;
			sourceTree = "<group>";
		};
		8FC25C5F221143B600340DB5 /* LaunchScreen.storyboard */ = {
			isa = PBXVariantGroup;
			children = (
				8FC25C60221143B600340DB5 /* Base */,
			);
			name = LaunchScreen.storyboard;
			sourceTree = "<group>";
		};
/* End PBXVariantGroup section */

/* Begin XCBuildConfiguration section */
		8FC25C63221143B600340DB5 /* Debug */ = {
			isa = XCBuildConfiguration;
			buildSettings = {
				ALWAYS_SEARCH_USER_PATHS = NO;
				CLANG_ANALYZER_NONNULL = YES;
				CLANG_ANALYZER_NUMBER_OBJECT_CONVERSION = YES_AGGRESSIVE;
				CLANG_CXX_LANGUAGE_STANDARD = "gnu++14";
				CLANG_CXX_LIBRARY = "libc++";
				CLANG_ENABLE_MODULES = YES;
				CLANG_ENABLE_OBJC_ARC = YES;
				CLANG_ENABLE_OBJC_WEAK = YES;
				CLANG_WARN_BLOCK_CAPTURE_AUTORELEASING = YES;
				CLANG_WARN_BOOL_CONVERSION = YES;
				CLANG_WARN_COMMA = YES;
				CLANG_WARN_CONSTANT_CONVERSION = YES;
				CLANG_WARN_DEPRECATED_OBJC_IMPLEMENTATIONS = YES;
				CLANG_WARN_DIRECT_OBJC_ISA_USAGE = YES_ERROR;
				CLANG_WARN_DOCUMENTATION_COMMENTS = YES;
				CLANG_WARN_EMPTY_BODY = YES;
				CLANG_WARN_ENUM_CONVERSION = YES;
				CLANG_WARN_INFINITE_RECURSION = YES;
				CLANG_WARN_INT_CONVERSION = YES;
				CLANG_WARN_NON_LITERAL_NULL_CONVERSION = YES;
				CLANG_WARN_OBJC_IMPLICIT_RETAIN_SELF = YES;
				CLANG_WARN_OBJC_LITERAL_CONVERSION = YES;
				CLANG_WARN_OBJC_ROOT_CLASS = YES_ERROR;
				CLANG_WARN_RANGE_LOOP_ANALYSIS = YES;
				CLANG_WARN_STRICT_PROTOTYPES = YES;
				CLANG_WARN_SUSPICIOUS_MOVE = YES;
				CLANG_WARN_UNGUARDED_AVAILABILITY = YES_AGGRESSIVE;
				CLANG_WARN_UNREACHABLE_CODE = YES;
				CLANG_WARN__DUPLICATE_METHOD_MATCH = YES;
				CODE_SIGN_IDENTITY = "iPhone Developer";
				COPY_PHASE_STRIP = NO;
				DEBUG_INFORMATION_FORMAT = dwarf;
				ENABLE_STRICT_OBJC_MSGSEND = YES;
				ENABLE_TESTABILITY = YES;
				GCC_C_LANGUAGE_STANDARD = gnu11;
				GCC_DYNAMIC_NO_PIC = NO;
				GCC_NO_COMMON_BLOCKS = YES;
				GCC_OPTIMIZATION_LEVEL = 0;
				GCC_PREPROCESSOR_DEFINITIONS = (
					"DEBUG=1",
					"$(inherited)",
				);
				GCC_WARN_64_TO_32_BIT_CONVERSION = YES;
				GCC_WARN_ABOUT_RETURN_TYPE = YES_ERROR;
				GCC_WARN_UNDECLARED_SELECTOR = YES;
				GCC_WARN_UNINITIALIZED_AUTOS = YES_AGGRESSIVE;
				GCC_WARN_UNUSED_FUNCTION = YES;
				GCC_WARN_UNUSED_VARIABLE = YES;
				IPHONEOS_DEPLOYMENT_TARGET = 12.1;
				MTL_ENABLE_DEBUG_INFO = INCLUDE_SOURCE;
				MTL_FAST_MATH = YES;
				ONLY_ACTIVE_ARCH = YES;
				SDKROOT = iphoneos;
				SWIFT_ACTIVE_COMPILATION_CONDITIONS = DEBUG;
				SWIFT_OPTIMIZATION_LEVEL = "-Onone";
			};
			name = Debug;
		};
		8FC25C64221143B600340DB5 /* Release */ = {
			isa = XCBuildConfiguration;
			buildSettings = {
				ALWAYS_SEARCH_USER_PATHS = NO;
				CLANG_ANALYZER_NONNULL = YES;
				CLANG_ANALYZER_NUMBER_OBJECT_CONVERSION = YES_AGGRESSIVE;
				CLANG_CXX_LANGUAGE_STANDARD = "gnu++14";
				CLANG_CXX_LIBRARY = "libc++";
				CLANG_ENABLE_MODULES = YES;
				CLANG_ENABLE_OBJC_ARC = YES;
				CLANG_ENABLE_OBJC_WEAK = YES;
				CLANG_WARN_BLOCK_CAPTURE_AUTORELEASING = YES;
				CLANG_WARN_BOOL_CONVERSION = YES;
				CLANG_WARN_COMMA = YES;
				CLANG_WARN_CONSTANT_CONVERSION = YES;
				CLANG_WARN_DEPRECATED_OBJC_IMPLEMENTATIONS = YES;
				CLANG_WARN_DIRECT_OBJC_ISA_USAGE = YES_ERROR;
				CLANG_WARN_DOCUMENTATION_COMMENTS = YES;
				CLANG_WARN_EMPTY_BODY = YES;
				CLANG_WARN_ENUM_CONVERSION = YES;
				CLANG_WARN_INFINITE_RECURSION = YES;
				CLANG_WARN_INT_CONVERSION = YES;
				CLANG_WARN_NON_LITERAL_NULL_CONVERSION = YES;
				CLANG_WARN_OBJC_IMPLICIT_RETAIN_SELF = YES;
				CLANG_WARN_OBJC_LITERAL_CONVERSION = YES;
				CLANG_WARN_OBJC_ROOT_CLASS = YES_ERROR;
				CLANG_WARN_RANGE_LOOP_ANALYSIS = YES;
				CLANG_WARN_STRICT_PROTOTYPES = YES;
				CLANG_WARN_SUSPICIOUS_MOVE = YES;
				CLANG_WARN_UNGUARDED_AVAILABILITY = YES_AGGRESSIVE;
				CLANG_WARN_UNREACHABLE_CODE = YES;
				CLANG_WARN__DUPLICATE_METHOD_MATCH = YES;
				CODE_SIGN_IDENTITY = "iPhone Developer";
				COPY_PHASE_STRIP = NO;
				DEBUG_INFORMATION_FORMAT = "dwarf-with-dsym";
				ENABLE_NS_ASSERTIONS = NO;
				ENABLE_STRICT_OBJC_MSGSEND = YES;
				GCC_C_LANGUAGE_STANDARD = gnu11;
				GCC_NO_COMMON_BLOCKS = YES;
				GCC_WARN_64_TO_32_BIT_CONVERSION = YES;
				GCC_WARN_ABOUT_RETURN_TYPE = YES_ERROR;
				GCC_WARN_UNDECLARED_SELECTOR = YES;
				GCC_WARN_UNINITIALIZED_AUTOS = YES_AGGRESSIVE;
				GCC_WARN_UNUSED_FUNCTION = YES;
				GCC_WARN_UNUSED_VARIABLE = YES;
				IPHONEOS_DEPLOYMENT_TARGET = 12.1;
				MTL_ENABLE_DEBUG_INFO = NO;
				MTL_FAST_MATH = YES;
				SDKROOT = iphoneos;
				SWIFT_COMPILATION_MODE = wholemodule;
				SWIFT_OPTIMIZATION_LEVEL = "-O";
				VALIDATE_PRODUCT = YES;
			};
			name = Release;
		};
		8FC25C66221143B600340DB5 /* Debug */ = {
			isa = XCBuildConfiguration;
			buildSettings = {
				ASSETCATALOG_COMPILER_APPICON_NAME = AppIcon;
				CODE_SIGN_STYLE = Automatic;
				DEVELOPMENT_TEAM = 45A6Q7H8BU;
				INFOPLIST_FILE = PredictableRydePrototype/Info.plist;
				IPHONEOS_DEPLOYMENT_TARGET = 10.3;
				LD_RUNPATH_SEARCH_PATHS = (
					"$(inherited)",
					"@executable_path/Frameworks",
				);
				PRODUCT_BUNDLE_IDENTIFIER = com.prashant.PredictableRydePrototype;
				PRODUCT_NAME = "$(TARGET_NAME)";
				SWIFT_VERSION = 4.2;
				TARGETED_DEVICE_FAMILY = "1,2";
			};
			name = Debug;
		};
		8FC25C67221143B600340DB5 /* Release */ = {
			isa = XCBuildConfiguration;
			buildSettings = {
				ASSETCATALOG_COMPILER_APPICON_NAME = AppIcon;
				CODE_SIGN_STYLE = Automatic;
				DEVELOPMENT_TEAM = 45A6Q7H8BU;
				INFOPLIST_FILE = PredictableRydePrototype/Info.plist;
				IPHONEOS_DEPLOYMENT_TARGET = 10.3;
				LD_RUNPATH_SEARCH_PATHS = (
					"$(inherited)",
					"@executable_path/Frameworks",
				);
				PRODUCT_BUNDLE_IDENTIFIER = com.prashant.PredictableRydePrototype;
				PRODUCT_NAME = "$(TARGET_NAME)";
				SWIFT_VERSION = 4.2;
				TARGETED_DEVICE_FAMILY = "1,2";
			};
			name = Release;
		};
/* End XCBuildConfiguration section */

/* Begin XCConfigurationList section */
		8FC25C4B221143A800340DB5 /* Build configuration list for PBXProject "PredictableRydePrototype" */ = {
			isa = XCConfigurationList;
			buildConfigurations = (
				8FC25C63221143B600340DB5 /* Debug */,
				8FC25C64221143B600340DB5 /* Release */,
			);
			defaultConfigurationIsVisible = 0;
			defaultConfigurationName = Release;
		};
		8FC25C65221143B600340DB5 /* Build configuration list for PBXNativeTarget "PredictableRydePrototype" */ = {
			isa = XCConfigurationList;
			buildConfigurations = (
				8FC25C66221143B600340DB5 /* Debug */,
				8FC25C67221143B600340DB5 /* Release */,
			);
			defaultConfigurationIsVisible = 0;
			defaultConfigurationName = Release;
		};
/* End XCConfigurationList section */

/* Begin XCVersionGroup section */
		8FC25C5A221143A900340DB5 /* PredictableRydePrototype.xcdatamodeld */ = {
			isa = XCVersionGroup;
			children = (
				8FC25C5B221143A900340DB5 /* PredictableRydePrototype.xcdatamodel */,
			);
			currentVersion = 8FC25C5B221143A900340DB5 /* PredictableRydePrototype.xcdatamodel */;
			path = PredictableRydePrototype.xcdatamodeld;
			sourceTree = "<group>";
			versionGroupType = wrapper.xcdatamodel;
		};
/* End XCVersionGroup section */
	};
	rootObject = 8FC25C48221143A800340DB5 /* Project object */;
}
